
Microsoft Visual Studio Solution File, Format Version 12.00
# Visual Studio Version 16
VisualStudioVersion = 16.0.31025.194
MinimumVisualStudioVersion = 10.0.40219.1
Project("{FAE04EC0-301F-11D3-BF4B-00C04F79EFBC}") = "BBL.Api", "BBL.Api.csproj", "{FD80FCA5-74B8-4B96-9FC0-AF58A95F1102}"
EndProject
Global
	GlobalSection(SolutionConfigurationPlatforms) = preSolution
		Debug|Any CPU = Debug|Any CPU
		Release|Any CPU = Release|Any CPU
	EndGlobalSection
	GlobalSection(ProjectConfigurationPlatforms) = postSolution
		{FD80FCA5-74B8-4B96-9FC0-AF58A95F1102}.Debug|Any CPU.ActiveCfg = Debug|Any CPU
		{FD80FCA5-74B8-4B96-9FC0-AF58A95F1102}.Debug|Any CPU.Build.0 = Debug|Any CPU
		{FD80FCA5-74B8-4B96-9FC0-AF58A95F1102}.Release|Any CPU.ActiveCfg = Release|Any CPU
		{FD80FCA5-74B8-4B96-9FC0-AF58A95F1102}.Release|Any CPU.Build.0 = Release|Any CPU
	EndGlobalSection
	GlobalSection(SolutionProperties) = preSolution
		HideSolutionNode = FALSE
	EndGlobalSection
	GlobalSection(ExtensibilityGlobals) = postSolution
		SolutionGuid = {3A93622A-2EC9-42C9-8F7A-D67574FFC1F9}
	EndGlobalSection
EndGlobal
